{
  "name": "@timelaps/polyfill",
  "version": "1.0.11",
  "lockfileVersion": 1,
  "requires": true,
  "dependencies": {
    "@timelaps/batterie": {
      "version": "https://registry.npmjs.org/@timelaps/batterie/-/batterie-1.0.71.tgz",
      "integrity": "sha1-g8q43sZgKsE+wrNx352RIBeE69E=",
      "dev": true,
      "requires": {
        "matters": "http://registry.npmjs.org/matters/-/matters-1.0.3.tgz",
        "minimatch": "http://registry.npmjs.org/minimatch/-/minimatch-3.0.4.tgz",
        "mkdirp": "http://registry.npmjs.org/mkdirp/-/mkdirp-0.5.1.tgz"
      }
    },
    "@timelaps/constants": {
      "version": "1.0.5",
      "resolved": "https://registry.npmjs.org/@timelaps/constants/-/constants-1.0.5.tgz",
      "integrity": "sha1-LlxqWtea1Xr4600z2yzISBtbzR8="
    },
    "@timelaps/hacks": {
      "version": "https://registry.npmjs.org/@timelaps/hacks/-/hacks-1.0.1.tgz",
      "integrity": "sha1-/LBUyl1cHvxY/dH9WXO/afRo1xU="
    },
    "@timelaps/is": {
      "version": "1.0.14",
      "resolved": "https://registry.npmjs.org/@timelaps/is/-/is-1.0.14.tgz",
      "integrity": "sha512-lKLP1wtNlgynDcnjV7oatEYJVWxuxmcnUGkX9Lk8zvCIzHTpwo1x35tRaH1BF9BXytLn9oENxpSrVSOCcsLYjw==",
      "requires": {
        "@timelaps/constants": "1.0.5",
        "@timelaps/hacks": "1.0.5"
      },
      "dependencies": {
        "@timelaps/hacks": {
          "version": "1.0.5",
          "resolved": "https://registry.npmjs.org/@timelaps/hacks/-/hacks-1.0.5.tgz",
          "integrity": "sha512-C+/VWZHapDvX0OqilGneGS5bX5RhokHfwBFibY7xCCD8gaVAcVRSq7JVese/dL0cjJ/Rll+Ar69+B5pqA9+jVA=="
        }
      }
    },
    "@timelaps/number": {
      "version": "1.0.3",
      "resolved": "https://registry.npmjs.org/@timelaps/number/-/number-1.0.3.tgz",
      "integrity": "sha512-5702JUworpAROrwEQMjA3imgUpibsmNYdp0RGtmJiR5jqJ3+SfJaa70e3lOrQlTzyTFOnoouydGyVosOjOMRbQ==",
      "requires": {
        "@timelaps/is": "1.0.14"
      }
    },
    "balanced-match": {
      "version": "http://registry.npmjs.org/balanced-match/-/balanced-match-1.0.0.tgz",
      "integrity": "sha1-ibTRmasr7kneFk6gK4nORi1xt2c=",
      "dev": true
    },
    "brace-expansion": {
      "version": "http://registry.npmjs.org/brace-expansion/-/brace-expansion-1.1.8.tgz",
      "integrity": "sha1-wHshHHyVLsH479Uad+8NHTmQopI=",
      "dev": true,
      "requires": {
        "balanced-match": "http://registry.npmjs.org/balanced-match/-/balanced-match-1.0.0.tgz",
        "concat-map": "http://registry.npmjs.org/concat-map/-/concat-map-0.0.1.tgz"
      }
    },
    "concat-map": {
      "version": "http://registry.npmjs.org/concat-map/-/concat-map-0.0.1.tgz",
      "integrity": "sha1-2Klr13/Wjfd5OnMDajug1UBdR3s=",
      "dev": true
    },
    "document-register-element": {
      "version": "http://registry.npmjs.org/document-register-element/-/document-register-element-1.7.0.tgz",
      "integrity": "sha1-2XG2J1UpS5T81lix2FM7A2bIUuk="
    },
    "matters": {
      "version": "http://registry.npmjs.org/matters/-/matters-1.0.3.tgz",
      "integrity": "sha1-mYwvr6xTvRABk/ypejk9rf2U4nM=",
      "dev": true
    },
    "minimatch": {
      "version": "http://registry.npmjs.org/minimatch/-/minimatch-3.0.4.tgz",
      "integrity": "sha1-UWbihkV/AzBgZL5Ul+jbsMPTIIM=",
      "dev": true,
      "requires": {
        "brace-expansion": "http://registry.npmjs.org/brace-expansion/-/brace-expansion-1.1.8.tgz"
      }
    },
    "minimist": {
      "version": "http://registry.npmjs.org/minimist/-/minimist-0.0.8.tgz",
      "integrity": "sha1-hX/Kv8M5fSYluCKCYuhqp6ARsF0=",
      "dev": true
    },
    "mkdirp": {
      "version": "http://registry.npmjs.org/mkdirp/-/mkdirp-0.5.1.tgz",
      "integrity": "sha1-MAV0OOrGz3+MR2fzhkjWaX11yQM=",
      "dev": true,
      "requires": {
        "minimist": "http://registry.npmjs.org/minimist/-/minimist-0.0.8.tgz"
      }
    }
  }
}
